// !$*UTF8*$!
{
	archiveVersion = 1;
	classes = {
	};
	objectVersion = 56;
	objects = {

/* Begin PBXBuildFile section */
		C0A472982D368218008882C5 /* AppDelegate.swift in Sources */ = {isa = PBXBuildFile; fileRef = C0A472972D368218008882C5 /* AppDelegate.swift */; };
		C0A4729A2D368218008882C5 /* SceneDelegate.swift in Sources */ = {isa = PBXBuildFile; fileRef = C0A472992D368218008882C5 /* SceneDelegate.swift */; };
		C0A4729F2D368218008882C5 /* Base in Resources */ = {isa = PBXBuildFile; fileRef = C0A4729E2D368218008882C5 /* Base */; };
		C0A472A12D36821A008882C5 /* Assets.xcassets in Resources */ = {isa = PBXBuildFile; fileRef = C0A472A02D36821A008882C5 /* Assets.xcassets */; };
		C0A472A42D36821A008882C5 /* Base in Resources */ = {isa = PBXBuildFile; fileRef = C0A472A32D36821A008882C5 /* Base */; };
		C0A472B32D37A144008882C5 /* Homepage.swift in Sources */ = {isa = PBXBuildFile; fileRef = C0A472B22D37A144008882C5 /* Homepage.swift */; };
		C0A472B62D37A375008882C5 /* MainTabbarController.swift in Sources */ = {isa = PBXBuildFile; fileRef = C0A472B52D37A375008882C5 /* MainTabbarController.swift */; };
		C0A472B92D37AC0D008882C5 /* MainNavigationController.swift in Sources */ = {isa = PBXBuildFile; fileRef = C0A472B82D37AC0D008882C5 /* MainNavigationController.swift */; };
		C0A472C12D37FADF008882C5 /* MockData.swift in Sources */ = {isa = PBXBuildFile; fileRef = C0A472C02D37FADF008882C5 /* MockData.swift */; };
		C0A472C32D37FCF6008882C5 /* LandingCollectionCell.swift in Sources */ = {isa = PBXBuildFile; fileRef = C0A472C22D37FCF6008882C5 /* LandingCollectionCell.swift */; };
		C0A472C52D37FD0C008882C5 /* CategoriesCollectionCell.swift in Sources */ = {isa = PBXBuildFile; fileRef = C0A472C42D37FD0C008882C5 /* CategoriesCollectionCell.swift */; };
		C0A472C72D37FD16008882C5 /* ProdCollectionCell.swift in Sources */ = {isa = PBXBuildFile; fileRef = C0A472C62D37FD16008882C5 /* ProdCollectionCell.swift */; };
		C0A472C92D37FD63008882C5 /* HomeReusableCell.swift in Sources */ = {isa = PBXBuildFile; fileRef = C0A472C82D37FD63008882C5 /* HomeReusableCell.swift */; };
		C0A472CB2D38FD0A008882C5 /* FoodModels.swift in Sources */ = {isa = PBXBuildFile; fileRef = C0A472CA2D38FD0A008882C5 /* FoodModels.swift */; };
		C0A472DA2D390681008882C5 /* RxSwift in Frameworks */ = {isa = PBXBuildFile; productRef = C0A472D92D390681008882C5 /* RxSwift */; };
		C0A472E32D390698008882C5 /* Alamofire in Frameworks */ = {isa = PBXBuildFile; productRef = C0A472E22D390698008882C5 /* Alamofire */; };
		C0A472E82D3906A4008882C5 /* Kingfisher in Frameworks */ = {isa = PBXBuildFile; productRef = C0A472E72D3906A4008882C5 /* Kingfisher */; };
		C0A472EA2D390904008882C5 /* FoodsRepository.swift in Sources */ = {isa = PBXBuildFile; fileRef = C0A472E92D390904008882C5 /* FoodsRepository.swift */; };
		C0A472EC2D390BCF008882C5 /* HomePageViewModel.swift in Sources */ = {isa = PBXBuildFile; fileRef = C0A472EB2D390BCF008882C5 /* HomePageViewModel.swift */; };
		C0A472EE2D39E387008882C5 /* DetailsPage.swift in Sources */ = {isa = PBXBuildFile; fileRef = C0A472ED2D39E387008882C5 /* DetailsPage.swift */; };
		C0A472F12D3A002A008882C5 /* RecommendCell.swift in Sources */ = {isa = PBXBuildFile; fileRef = C0A472F02D3A002A008882C5 /* RecommendCell.swift */; };
		C0A472F42D3A6D7F008882C5 /* ReviewsTableViewCell.swift in Sources */ = {isa = PBXBuildFile; fileRef = C0A472F32D3A6D7E008882C5 /* ReviewsTableViewCell.swift */; };
		C0A472F62D3A6D9E008882C5 /* ReviewsPage.swift in Sources */ = {isa = PBXBuildFile; fileRef = C0A472F52D3A6D9E008882C5 /* ReviewsPage.swift */; };
		C0A472F82D3A6F5E008882C5 /* ReviewModel.swift in Sources */ = {isa = PBXBuildFile; fileRef = C0A472F72D3A6F5E008882C5 /* ReviewModel.swift */; };
		C0A472FA2D3B911C008882C5 /* ShoppingCartPage.swift in Sources */ = {isa = PBXBuildFile; fileRef = C0A472F92D3B911C008882C5 /* ShoppingCartPage.swift */; };
		C0A472FD2D3B914E008882C5 /* ShoppingCartCell.swift in Sources */ = {isa = PBXBuildFile; fileRef = C0A472FC2D3B914E008882C5 /* ShoppingCartCell.swift */; };
		C0A472FF2D3BC017008882C5 /* FoodBasketModels.swift in Sources */ = {isa = PBXBuildFile; fileRef = C0A472FE2D3BC017008882C5 /* FoodBasketModels.swift */; };
		C0A473012D3BC45E008882C5 /* ShoppingCardViewModel.swift in Sources */ = {isa = PBXBuildFile; fileRef = C0A473002D3BC45E008882C5 /* ShoppingCardViewModel.swift */; };
		C0A473032D3BC6E4008882C5 /* DetailsViewModel.swift in Sources */ = {isa = PBXBuildFile; fileRef = C0A473022D3BC6E4008882C5 /* DetailsViewModel.swift */; };
/* End PBXBuildFile section */

/* Begin PBXFileReference section */
		C0A472942D368218008882C5 /* Swift-EcommerceApp.app */ = {isa = PBXFileReference; explicitFileType = wrapper.application; includeInIndex = 0; path = "Swift-EcommerceApp.app"; sourceTree = BUILT_PRODUCTS_DIR; };
		C0A472972D368218008882C5 /* AppDelegate.swift */ = {isa = PBXFileReference; lastKnownFileType = sourcecode.swift; path = AppDelegate.swift; sourceTree = "<group>"; };
		C0A472992D368218008882C5 /* SceneDelegate.swift */ = {isa = PBXFileReference; lastKnownFileType = sourcecode.swift; path = SceneDelegate.swift; sourceTree = "<group>"; };
		C0A4729E2D368218008882C5 /* Base */ = {isa = PBXFileReference; lastKnownFileType = file.storyboard; name = Base; path = Base.lproj/Main.storyboard; sourceTree = "<group>"; };
		C0A472A02D36821A008882C5 /* Assets.xcassets */ = {isa = PBXFileReference; lastKnownFileType = folder.assetcatalog; path = Assets.xcassets; sourceTree = "<group>"; };
		C0A472A32D36821A008882C5 /* Base */ = {isa = PBXFileReference; lastKnownFileType = file.storyboard; name = Base; path = Base.lproj/LaunchScreen.storyboard; sourceTree = "<group>"; };
		C0A472A52D36821A008882C5 /* Info.plist */ = {isa = PBXFileReference; lastKnownFileType = text.plist.xml; path = Info.plist; sourceTree = "<group>"; };
		C0A472B22D37A144008882C5 /* Homepage.swift */ = {isa = PBXFileReference; lastKnownFileType = sourcecode.swift; path = Homepage.swift; sourceTree = "<group>"; };
		C0A472B52D37A375008882C5 /* MainTabbarController.swift */ = {isa = PBXFileReference; lastKnownFileType = sourcecode.swift; path = MainTabbarController.swift; sourceTree = "<group>"; };
		C0A472B82D37AC0D008882C5 /* MainNavigationController.swift */ = {isa = PBXFileReference; lastKnownFileType = sourcecode.swift; path = MainNavigationController.swift; sourceTree = "<group>"; };
		C0A472C02D37FADF008882C5 /* MockData.swift */ = {isa = PBXFileReference; lastKnownFileType = sourcecode.swift; path = MockData.swift; sourceTree = "<group>"; };
		C0A472C22D37FCF6008882C5 /* LandingCollectionCell.swift */ = {isa = PBXFileReference; lastKnownFileType = sourcecode.swift; path = LandingCollectionCell.swift; sourceTree = "<group>"; };
		C0A472C42D37FD0C008882C5 /* CategoriesCollectionCell.swift */ = {isa = PBXFileReference; lastKnownFileType = sourcecode.swift; path = CategoriesCollectionCell.swift; sourceTree = "<group>"; };
		C0A472C62D37FD16008882C5 /* ProdCollectionCell.swift */ = {isa = PBXFileReference; lastKnownFileType = sourcecode.swift; path = ProdCollectionCell.swift; sourceTree = "<group>"; };
		C0A472C82D37FD63008882C5 /* HomeReusableCell.swift */ = {isa = PBXFileReference; lastKnownFileType = sourcecode.swift; path = HomeReusableCell.swift; sourceTree = "<group>"; };
		C0A472CA2D38FD0A008882C5 /* FoodModels.swift */ = {isa = PBXFileReference; lastKnownFileType = sourcecode.swift; path = FoodModels.swift; sourceTree = "<group>"; };
		C0A472E92D390904008882C5 /* FoodsRepository.swift */ = {isa = PBXFileReference; lastKnownFileType = sourcecode.swift; path = FoodsRepository.swift; sourceTree = "<group>"; };
		C0A472EB2D390BCF008882C5 /* HomePageViewModel.swift */ = {isa = PBXFileReference; lastKnownFileType = sourcecode.swift; path = HomePageViewModel.swift; sourceTree = "<group>"; };
		C0A472ED2D39E387008882C5 /* DetailsPage.swift */ = {isa = PBXFileReference; lastKnownFileType = sourcecode.swift; path = DetailsPage.swift; sourceTree = "<group>"; };
		C0A472F02D3A002A008882C5 /* RecommendCell.swift */ = {isa = PBXFileReference; lastKnownFileType = sourcecode.swift; path = RecommendCell.swift; sourceTree = "<group>"; };
		C0A472F32D3A6D7E008882C5 /* ReviewsTableViewCell.swift */ = {isa = PBXFileReference; lastKnownFileType = sourcecode.swift; path = ReviewsTableViewCell.swift; sourceTree = "<group>"; };
		C0A472F52D3A6D9E008882C5 /* ReviewsPage.swift */ = {isa = PBXFileReference; lastKnownFileType = sourcecode.swift; path = ReviewsPage.swift; sourceTree = "<group>"; };
		C0A472F72D3A6F5E008882C5 /* ReviewModel.swift */ = {isa = PBXFileReference; lastKnownFileType = sourcecode.swift; path = ReviewModel.swift; sourceTree = "<group>"; };
		C0A472F92D3B911C008882C5 /* ShoppingCartPage.swift */ = {isa = PBXFileReference; lastKnownFileType = sourcecode.swift; path = ShoppingCartPage.swift; sourceTree = "<group>"; };
		C0A472FC2D3B914E008882C5 /* ShoppingCartCell.swift */ = {isa = PBXFileReference; lastKnownFileType = sourcecode.swift; path = ShoppingCartCell.swift; sourceTree = "<group>"; };
		C0A472FE2D3BC017008882C5 /* FoodBasketModels.swift */ = {isa = PBXFileReference; lastKnownFileType = sourcecode.swift; path = FoodBasketModels.swift; sourceTree = "<group>"; };
		C0A473002D3BC45E008882C5 /* ShoppingCardViewModel.swift */ = {isa = PBXFileReference; lastKnownFileType = sourcecode.swift; path = ShoppingCardViewModel.swift; sourceTree = "<group>"; };
		C0A473022D3BC6E4008882C5 /* DetailsViewModel.swift */ = {isa = PBXFileReference; lastKnownFileType = sourcecode.swift; path = DetailsViewModel.swift; sourceTree = "<group>"; };
/* End PBXFileReference section */

/* Begin PBXFrameworksBuildPhase section */
		C0A472912D368218008882C5 /* Frameworks */ = {
			isa = PBXFrameworksBuildPhase;
			buildActionMask = 2147483647;
			files = (
				C0A472E82D3906A4008882C5 /* Kingfisher in Frameworks */,
				C0A472DA2D390681008882C5 /* RxSwift in Frameworks */,
				C0A472E32D390698008882C5 /* Alamofire in Frameworks */,
			);
			runOnlyForDeploymentPostprocessing = 0;
		};
/* End PBXFrameworksBuildPhase section */

/* Begin PBXGroup section */
		C0A4728B2D368218008882C5 = {
			isa = PBXGroup;
			children = (
				C0A472962D368218008882C5 /* Swift-EcommerceApp */,
				C0A472952D368218008882C5 /* Products */,
			);
			sourceTree = "<group>";
		};
		C0A472952D368218008882C5 /* Products */ = {
			isa = PBXGroup;
			children = (
				C0A472942D368218008882C5 /* Swift-EcommerceApp.app */,
			);
			name = Products;
			sourceTree = "<group>";
		};
		C0A472962D368218008882C5 /* Swift-EcommerceApp */ = {
			isa = PBXGroup;
			children = (
				C0A472AC2D379CA1008882C5 /* DATA */,
				C0A472AB2D379C96008882C5 /* UI */,
				C0A472972D368218008882C5 /* AppDelegate.swift */,
				C0A472992D368218008882C5 /* SceneDelegate.swift */,
				C0A4729D2D368218008882C5 /* Main.storyboard */,
				C0A472A02D36821A008882C5 /* Assets.xcassets */,
				C0A472A22D36821A008882C5 /* LaunchScreen.storyboard */,
				C0A472A52D36821A008882C5 /* Info.plist */,
			);
			path = "Swift-EcommerceApp";
			sourceTree = "<group>";
		};
		C0A472AB2D379C96008882C5 /* UI */ = {
			isa = PBXGroup;
			children = (
				C0A472F22D3A6D3D008882C5 /* TableView */,
				C0A472B72D37ABF4008882C5 /* NavigationController */,
				C0A472B42D37A332008882C5 /* TabbarController */,
				C0A472B12D379CE5008882C5 /* Collectionview */,
				C0A472B02D379CD0008882C5 /* ViewModel */,
				C0A472AF2D379CC9008882C5 /* Views */,
			);
			path = UI;
			sourceTree = "<group>";
		};
		C0A472AC2D379CA1008882C5 /* DATA */ = {
			isa = PBXGroup;
			children = (
				C0A472AE2D379CB4008882C5 /* Models */,
				C0A472AD2D379CAB008882C5 /* Repository */,
			);
			path = DATA;
			sourceTree = "<group>";
		};
		C0A472AD2D379CAB008882C5 /* Repository */ = {
			isa = PBXGroup;
			children = (
				C0A472E92D390904008882C5 /* FoodsRepository.swift */,
			);
			path = Repository;
			sourceTree = "<group>";
		};
		C0A472AE2D379CB4008882C5 /* Models */ = {
			isa = PBXGroup;
			children = (
				C0A472C02D37FADF008882C5 /* MockData.swift */,
				C0A472CA2D38FD0A008882C5 /* FoodModels.swift */,
				C0A472F72D3A6F5E008882C5 /* ReviewModel.swift */,
				C0A472FE2D3BC017008882C5 /* FoodBasketModels.swift */,
			);
			path = Models;
			sourceTree = "<group>";
		};
		C0A472AF2D379CC9008882C5 /* Views */ = {
			isa = PBXGroup;
			children = (
				C0A472B22D37A144008882C5 /* Homepage.swift */,
				C0A472ED2D39E387008882C5 /* DetailsPage.swift */,
				C0A472F52D3A6D9E008882C5 /* ReviewsPage.swift */,
				C0A472F92D3B911C008882C5 /* ShoppingCartPage.swift */,
			);
			path = Views;
			sourceTree = "<group>";
		};
		C0A472B02D379CD0008882C5 /* ViewModel */ = {
			isa = PBXGroup;
			children = (
				C0A472EB2D390BCF008882C5 /* HomePageViewModel.swift */,
				C0A473002D3BC45E008882C5 /* ShoppingCardViewModel.swift */,
				C0A473022D3BC6E4008882C5 /* DetailsViewModel.swift */,
			);
			path = ViewModel;
			sourceTree = "<group>";
		};
		C0A472B12D379CE5008882C5 /* Collectionview */ = {
			isa = PBXGroup;
			children = (
				C0A472EF2D3A0008008882C5 /* DetailsCollection */,
				C0A472C22D37FCF6008882C5 /* LandingCollectionCell.swift */,
				C0A472C42D37FD0C008882C5 /* CategoriesCollectionCell.swift */,
				C0A472C62D37FD16008882C5 /* ProdCollectionCell.swift */,
				C0A472C82D37FD63008882C5 /* HomeReusableCell.swift */,
			);
			path = Collectionview;
			sourceTree = "<group>";
		};
		C0A472B42D37A332008882C5 /* TabbarController */ = {
			isa = PBXGroup;
			children = (
				C0A472B52D37A375008882C5 /* MainTabbarController.swift */,
			);
			path = TabbarController;
			sourceTree = "<group>";
		};
		C0A472B72D37ABF4008882C5 /* NavigationController */ = {
			isa = PBXGroup;
			children = (
				C0A472B82D37AC0D008882C5 /* MainNavigationController.swift */,
			);
			path = NavigationController;
			sourceTree = "<group>";
		};
		C0A472EF2D3A0008008882C5 /* DetailsCollection */ = {
			isa = PBXGroup;
			children = (
				C0A472F02D3A002A008882C5 /* RecommendCell.swift */,
			);
			path = DetailsCollection;
			sourceTree = "<group>";
		};
		C0A472F22D3A6D3D008882C5 /* TableView */ = {
			isa = PBXGroup;
			children = (
				C0A472FB2D3B912C008882C5 /* ShoopingCartTableView */,
				C0A472F32D3A6D7E008882C5 /* ReviewsTableViewCell.swift */,
			);
			path = TableView;
			sourceTree = "<group>";
		};
		C0A472FB2D3B912C008882C5 /* ShoopingCartTableView */ = {
			isa = PBXGroup;
			children = (
				C0A472FC2D3B914E008882C5 /* ShoppingCartCell.swift */,
			);
			path = ShoopingCartTableView;
			sourceTree = "<group>";
		};
/* End PBXGroup section */

/* Begin PBXNativeTarget section */
		C0A472932D368218008882C5 /* Swift-EcommerceApp */ = {
			isa = PBXNativeTarget;
			buildConfigurationList = C0A472A82D36821A008882C5 /* Build configuration list for PBXNativeTarget "Swift-EcommerceApp" */;
			buildPhases = (
				C0A472902D368218008882C5 /* Sources */,
				C0A472912D368218008882C5 /* Frameworks */,
				C0A472922D368218008882C5 /* Resources */,
			);
			buildRules = (
			);
			dependencies = (
			);
			name = "Swift-EcommerceApp";
			packageProductDependencies = (
				C0A472D92D390681008882C5 /* RxSwift */,
				C0A472E22D390698008882C5 /* Alamofire */,
				C0A472E72D3906A4008882C5 /* Kingfisher */,
			);
			productName = "Swift-EcommerceApp";
			productReference = C0A472942D368218008882C5 /* Swift-EcommerceApp.app */;
			productType = "com.apple.product-type.application";
		};
/* End PBXNativeTarget section */

/* Begin PBXProject section */
		C0A4728C2D368218008882C5 /* Project object */ = {
			isa = PBXProject;
			attributes = {
				BuildIndependentTargetsInParallel = 1;
				LastSwiftUpdateCheck = 1540;
				LastUpgradeCheck = 1540;
				TargetAttributes = {
					C0A472932D368218008882C5 = {
						CreatedOnToolsVersion = 15.4;
					};
				};
			};
			buildConfigurationList = C0A4728F2D368218008882C5 /* Build configuration list for PBXProject "Swift-EcommerceApp" */;
			compatibilityVersion = "Xcode 14.0";
			developmentRegion = en;
			hasScannedForEncodings = 0;
			knownRegions = (
				en,
				Base,
			);
			mainGroup = C0A4728B2D368218008882C5;
			packageReferences = (
				C0A472CC2D390645008882C5 /* XCRemoteSwiftPackageReference "RxSwift" */,
				C0A472E12D390698008882C5 /* XCRemoteSwiftPackageReference "Alamofire" */,
				C0A472E62D3906A4008882C5 /* XCRemoteSwiftPackageReference "Kingfisher" */,
			);
			productRefGroup = C0A472952D368218008882C5 /* Products */;
			projectDirPath = "";
			projectRoot = "";
			targets = (
				C0A472932D368218008882C5 /* Swift-EcommerceApp */,
			);
		};
/* End PBXProject section */

/* Begin PBXResourcesBuildPhase section */
		C0A472922D368218008882C5 /* Resources */ = {
			isa = PBXResourcesBuildPhase;
			buildActionMask = 2147483647;
			files = (
				C0A472A12D36821A008882C5 /* Assets.xcassets in Resources */,
				C0A472A42D36821A008882C5 /* Base in Resources */,
				C0A4729F2D368218008882C5 /* Base in Resources */,
			);
			runOnlyForDeploymentPostprocessing = 0;
		};
/* End PBXResourcesBuildPhase section */

/* Begin PBXSourcesBuildPhase section */
		C0A472902D368218008882C5 /* Sources */ = {
			isa = PBXSourcesBuildPhase;
			buildActionMask = 2147483647;
			files = (
				C0A472C72D37FD16008882C5 /* ProdCollectionCell.swift in Sources */,
				C0A472C32D37FCF6008882C5 /* LandingCollectionCell.swift in Sources */,
				C0A472B92D37AC0D008882C5 /* MainNavigationController.swift in Sources */,
				C0A472B32D37A144008882C5 /* Homepage.swift in Sources */,
				C0A472EC2D390BCF008882C5 /* HomePageViewModel.swift in Sources */,
				C0A472FA2D3B911C008882C5 /* ShoppingCartPage.swift in Sources */,
				C0A473012D3BC45E008882C5 /* ShoppingCardViewModel.swift in Sources */,
				C0A472C92D37FD63008882C5 /* HomeReusableCell.swift in Sources */,
				C0A472982D368218008882C5 /* AppDelegate.swift in Sources */,
				C0A472F12D3A002A008882C5 /* RecommendCell.swift in Sources */,
				C0A472C52D37FD0C008882C5 /* CategoriesCollectionCell.swift in Sources */,
				C0A472EA2D390904008882C5 /* FoodsRepository.swift in Sources */,
				C0A472CB2D38FD0A008882C5 /* FoodModels.swift in Sources */,
				C0A472F62D3A6D9E008882C5 /* ReviewsPage.swift in Sources */,
				C0A472B62D37A375008882C5 /* MainTabbarController.swift in Sources */,
				C0A472EE2D39E387008882C5 /* DetailsPage.swift in Sources */,
				C0A472FF2D3BC017008882C5 /* FoodBasketModels.swift in Sources */,
				C0A472F42D3A6D7F008882C5 /* ReviewsTableViewCell.swift in Sources */,
				C0A472C12D37FADF008882C5 /* MockData.swift in Sources */,
				C0A4729A2D368218008882C5 /* SceneDelegate.swift in Sources */,
				C0A472F82D3A6F5E008882C5 /* ReviewModel.swift in Sources */,
				C0A473032D3BC6E4008882C5 /* DetailsViewModel.swift in Sources */,
				C0A472FD2D3B914E008882C5 /* ShoppingCartCell.swift in Sources */,
			);
			runOnlyForDeploymentPostprocessing = 0;
		};
/* End PBXSourcesBuildPhase section */

/* Begin PBXVariantGroup section */
		C0A4729D2D368218008882C5 /* Main.storyboard */ = {
			isa = PBXVariantGroup;
			children = (
				C0A4729E2D368218008882C5 /* Base */,
			);
			name = Main.storyboard;
			sourceTree = "<group>";
		};
		C0A472A22D36821A008882C5 /* LaunchScreen.storyboard */ = {
			isa = PBXVariantGroup;
			children = (
				C0A472A32D36821A008882C5 /* Base */,
			);
			name = LaunchScreen.storyboard;
			sourceTree = "<group>";
		};
/* End PBXVariantGroup section */

/* Begin XCBuildConfiguration section */
		C0A472A62D36821A008882C5 /* Debug */ = {
			isa = XCBuildConfiguration;
			buildSettings = {
				ALWAYS_SEARCH_USER_PATHS = NO;
				ASSETCATALOG_COMPILER_GENERATE_SWIFT_ASSET_SYMBOL_EXTENSIONS = YES;
				CLANG_ANALYZER_NONNULL = YES;
				CLANG_ANALYZER_NUMBER_OBJECT_CONVERSION = YES_AGGRESSIVE;
				CLANG_CXX_LANGUAGE_STANDARD = "gnu++20";
				CLANG_ENABLE_MODULES = YES;
				CLANG_ENABLE_OBJC_ARC = YES;
				CLANG_ENABLE_OBJC_WEAK = YES;
				CLANG_WARN_BLOCK_CAPTURE_AUTORELEASING = YES;
				CLANG_WARN_BOOL_CONVERSION = YES;
				CLANG_WARN_COMMA = YES;
				CLANG_WARN_CONSTANT_CONVERSION = YES;
				CLANG_WARN_DEPRECATED_OBJC_IMPLEMENTATIONS = YES;
				CLANG_WARN_DIRECT_OBJC_ISA_USAGE = YES_ERROR;
				CLANG_WARN_DOCUMENTATION_COMMENTS = YES;
				CLANG_WARN_EMPTY_BODY = YES;
				CLANG_WARN_ENUM_CONVERSION = YES;
				CLANG_WARN_INFINITE_RECURSION = YES;
				CLANG_WARN_INT_CONVERSION = YES;
				CLANG_WARN_NON_LITERAL_NULL_CONVERSION = YES;
				CLANG_WARN_OBJC_IMPLICIT_RETAIN_SELF = YES;
				CLANG_WARN_OBJC_LITERAL_CONVERSION = YES;
				CLANG_WARN_OBJC_ROOT_CLASS = YES_ERROR;
				CLANG_WARN_QUOTED_INCLUDE_IN_FRAMEWORK_HEADER = YES;
				CLANG_WARN_RANGE_LOOP_ANALYSIS = YES;
				CLANG_WARN_STRICT_PROTOTYPES = YES;
				CLANG_WARN_SUSPICIOUS_MOVE = YES;
				CLANG_WARN_UNGUARDED_AVAILABILITY = YES_AGGRESSIVE;
				CLANG_WARN_UNREACHABLE_CODE = YES;
				CLANG_WARN__DUPLICATE_METHOD_MATCH = YES;
				COPY_PHASE_STRIP = NO;
				DEBUG_INFORMATION_FORMAT = dwarf;
				ENABLE_STRICT_OBJC_MSGSEND = YES;
				ENABLE_TESTABILITY = YES;
				ENABLE_USER_SCRIPT_SANDBOXING = YES;
				GCC_C_LANGUAGE_STANDARD = gnu17;
				GCC_DYNAMIC_NO_PIC = NO;
				GCC_NO_COMMON_BLOCKS = YES;
				GCC_OPTIMIZATION_LEVEL = 0;
				GCC_PREPROCESSOR_DEFINITIONS = (
					"DEBUG=1",
					"$(inherited)",
				);
				GCC_WARN_64_TO_32_BIT_CONVERSION = YES;
				GCC_WARN_ABOUT_RETURN_TYPE = YES_ERROR;
				GCC_WARN_UNDECLARED_SELECTOR = YES;
				GCC_WARN_UNINITIALIZED_AUTOS = YES_AGGRESSIVE;
				GCC_WARN_UNUSED_FUNCTION = YES;
				GCC_WARN_UNUSED_VARIABLE = YES;
				IPHONEOS_DEPLOYMENT_TARGET = 17.5;
				LOCALIZATION_PREFERS_STRING_CATALOGS = YES;
				MTL_ENABLE_DEBUG_INFO = INCLUDE_SOURCE;
				MTL_FAST_MATH = YES;
				ONLY_ACTIVE_ARCH = YES;
				SDKROOT = iphoneos;
				SWIFT_ACTIVE_COMPILATION_CONDITIONS = "DEBUG $(inherited)";
				SWIFT_OPTIMIZATION_LEVEL = "-Onone";
			};
			name = Debug;
		};
		C0A472A72D36821A008882C5 /* Release */ = {
			isa = XCBuildConfiguration;
			buildSettings = {
				ALWAYS_SEARCH_USER_PATHS = NO;
				ASSETCATALOG_COMPILER_GENERATE_SWIFT_ASSET_SYMBOL_EXTENSIONS = YES;
				CLANG_ANALYZER_NONNULL = YES;
				CLANG_ANALYZER_NUMBER_OBJECT_CONVERSION = YES_AGGRESSIVE;
				CLANG_CXX_LANGUAGE_STANDARD = "gnu++20";
				CLANG_ENABLE_MODULES = YES;
				CLANG_ENABLE_OBJC_ARC = YES;
				CLANG_ENABLE_OBJC_WEAK = YES;
				CLANG_WARN_BLOCK_CAPTURE_AUTORELEASING = YES;
				CLANG_WARN_BOOL_CONVERSION = YES;
				CLANG_WARN_COMMA = YES;
				CLANG_WARN_CONSTANT_CONVERSION = YES;
				CLANG_WARN_DEPRECATED_OBJC_IMPLEMENTATIONS = YES;
				CLANG_WARN_DIRECT_OBJC_ISA_USAGE = YES_ERROR;
				CLANG_WARN_DOCUMENTATION_COMMENTS = YES;
				CLANG_WARN_EMPTY_BODY = YES;
				CLANG_WARN_ENUM_CONVERSION = YES;
				CLANG_WARN_INFINITE_RECURSION = YES;
				CLANG_WARN_INT_CONVERSION = YES;
				CLANG_WARN_NON_LITERAL_NULL_CONVERSION = YES;
				CLANG_WARN_OBJC_IMPLICIT_RETAIN_SELF = YES;
				CLANG_WARN_OBJC_LITERAL_CONVERSION = YES;
				CLANG_WARN_OBJC_ROOT_CLASS = YES_ERROR;
				CLANG_WARN_QUOTED_INCLUDE_IN_FRAMEWORK_HEADER = YES;
				CLANG_WARN_RANGE_LOOP_ANALYSIS = YES;
				CLANG_WARN_STRICT_PROTOTYPES = YES;
				CLANG_WARN_SUSPICIOUS_MOVE = YES;
				CLANG_WARN_UNGUARDED_AVAILABILITY = YES_AGGRESSIVE;
				CLANG_WARN_UNREACHABLE_CODE = YES;
				CLANG_WARN__DUPLICATE_METHOD_MATCH = YES;
				COPY_PHASE_STRIP = NO;
				DEBUG_INFORMATION_FORMAT = "dwarf-with-dsym";
				ENABLE_NS_ASSERTIONS = NO;
				ENABLE_STRICT_OBJC_MSGSEND = YES;
				ENABLE_USER_SCRIPT_SANDBOXING = YES;
				GCC_C_LANGUAGE_STANDARD = gnu17;
				GCC_NO_COMMON_BLOCKS = YES;
				GCC_WARN_64_TO_32_BIT_CONVERSION = YES;
				GCC_WARN_ABOUT_RETURN_TYPE = YES_ERROR;
				GCC_WARN_UNDECLARED_SELECTOR = YES;
				GCC_WARN_UNINITIALIZED_AUTOS = YES_AGGRESSIVE;
				GCC_WARN_UNUSED_FUNCTION = YES;
				GCC_WARN_UNUSED_VARIABLE = YES;
				IPHONEOS_DEPLOYMENT_TARGET = 17.5;
				LOCALIZATION_PREFERS_STRING_CATALOGS = YES;
				MTL_ENABLE_DEBUG_INFO = NO;
				MTL_FAST_MATH = YES;
				SDKROOT = iphoneos;
				SWIFT_COMPILATION_MODE = wholemodule;
				VALIDATE_PRODUCT = YES;
			};
			name = Release;
		};
		C0A472A92D36821A008882C5 /* Debug */ = {
			isa = XCBuildConfiguration;
			buildSettings = {
				ASSETCATALOG_COMPILER_APPICON_NAME = AppIcon;
				ASSETCATALOG_COMPILER_GLOBAL_ACCENT_COLOR_NAME = AccentColor;
				CODE_SIGN_STYLE = Automatic;
				CURRENT_PROJECT_VERSION = 1;
				DEVELOPMENT_TEAM = 7UAX3JG94G;
				GENERATE_INFOPLIST_FILE = YES;
				INFOPLIST_FILE = "Swift-EcommerceApp/Info.plist";
				INFOPLIST_KEY_UIApplicationSupportsIndirectInputEvents = YES;
				INFOPLIST_KEY_UILaunchStoryboardName = LaunchScreen;
				INFOPLIST_KEY_UIMainStoryboardFile = Main;
				INFOPLIST_KEY_UISupportedInterfaceOrientations_iPad = "UIInterfaceOrientationPortrait UIInterfaceOrientationPortraitUpsideDown UIInterfaceOrientationLandscapeLeft UIInterfaceOrientationLandscapeRight";
				INFOPLIST_KEY_UISupportedInterfaceOrientations_iPhone = "UIInterfaceOrientationPortrait UIInterfaceOrientationLandscapeLeft UIInterfaceOrientationLandscapeRight";
				LD_RUNPATH_SEARCH_PATHS = (
					"$(inherited)",
					"@executable_path/Frameworks",
				);
				MARKETING_VERSION = 1.0;
				PRODUCT_BUNDLE_IDENTIFIER = "berk.Swift-EcommerceApp";
				PRODUCT_NAME = "$(TARGET_NAME)";
				SWIFT_EMIT_LOC_STRINGS = YES;
				SWIFT_VERSION = 5.0;
				TARGETED_DEVICE_FAMILY = "1,2";
			};
			name = Debug;
		};
		C0A472AA2D36821A008882C5 /* Release */ = {
			isa = XCBuildConfiguration;
			buildSettings = {
				ASSETCATALOG_COMPILER_APPICON_NAME = AppIcon;
				ASSETCATALOG_COMPILER_GLOBAL_ACCENT_COLOR_NAME = AccentColor;
				CODE_SIGN_STYLE = Automatic;
				CURRENT_PROJECT_VERSION = 1;
				DEVELOPMENT_TEAM = 7UAX3JG94G;
				GENERATE_INFOPLIST_FILE = YES;
				INFOPLIST_FILE = "Swift-EcommerceApp/Info.plist";
				INFOPLIST_KEY_UIApplicationSupportsIndirectInputEvents = YES;
				INFOPLIST_KEY_UILaunchStoryboardName = LaunchScreen;
				INFOPLIST_KEY_UIMainStoryboardFile = Main;
				INFOPLIST_KEY_UISupportedInterfaceOrientations_iPad = "UIInterfaceOrientationPortrait UIInterfaceOrientationPortraitUpsideDown UIInterfaceOrientationLandscapeLeft UIInterfaceOrientationLandscapeRight";
				INFOPLIST_KEY_UISupportedInterfaceOrientations_iPhone = "UIInterfaceOrientationPortrait UIInterfaceOrientationLandscapeLeft UIInterfaceOrientationLandscapeRight";
				LD_RUNPATH_SEARCH_PATHS = (
					"$(inherited)",
					"@executable_path/Frameworks",
				);
				MARKETING_VERSION = 1.0;
				PRODUCT_BUNDLE_IDENTIFIER = "berk.Swift-EcommerceApp";
				PRODUCT_NAME = "$(TARGET_NAME)";
				SWIFT_EMIT_LOC_STRINGS = YES;
				SWIFT_VERSION = 5.0;
				TARGETED_DEVICE_FAMILY = "1,2";
			};
			name = Release;
		};
/* End XCBuildConfiguration section */

/* Begin XCConfigurationList section */
		C0A4728F2D368218008882C5 /* Build configuration list for PBXProject "Swift-EcommerceApp" */ = {
			isa = XCConfigurationList;
			buildConfigurations = (
				C0A472A62D36821A008882C5 /* Debug */,
				C0A472A72D36821A008882C5 /* Release */,
			);
			defaultConfigurationIsVisible = 0;
			defaultConfigurationName = Release;
		};
		C0A472A82D36821A008882C5 /* Build configuration list for PBXNativeTarget "Swift-EcommerceApp" */ = {
			isa = XCConfigurationList;
			buildConfigurations = (
				C0A472A92D36821A008882C5 /* Debug */,
				C0A472AA2D36821A008882C5 /* Release */,
			);
			defaultConfigurationIsVisible = 0;
			defaultConfigurationName = Release;
		};
/* End XCConfigurationList section */

/* Begin XCRemoteSwiftPackageReference section */
		C0A472CC2D390645008882C5 /* XCRemoteSwiftPackageReference "RxSwift" */ = {
			isa = XCRemoteSwiftPackageReference;
			repositoryURL = "https://github.com/ReactiveX/RxSwift.git";
			requirement = {
				kind = upToNextMajorVersion;
				minimumVersion = 6.8.0;
			};
		};
		C0A472E12D390698008882C5 /* XCRemoteSwiftPackageReference "Alamofire" */ = {
			isa = XCRemoteSwiftPackageReference;
			repositoryURL = "https://github.com/Alamofire/Alamofire.git";
			requirement = {
				kind = upToNextMajorVersion;
				minimumVersion = 5.10.2;
			};
		};
		C0A472E62D3906A4008882C5 /* XCRemoteSwiftPackageReference "Kingfisher" */ = {
			isa = XCRemoteSwiftPackageReference;
			repositoryURL = "https://github.com/onevcat/Kingfisher.git";
			requirement = {
				kind = upToNextMajorVersion;
				minimumVersion = 8.1.3;
			};
		};
/* End XCRemoteSwiftPackageReference section */

/* Begin XCSwiftPackageProductDependency section */
		C0A472D92D390681008882C5 /* RxSwift */ = {
			isa = XCSwiftPackageProductDependency;
			package = C0A472CC2D390645008882C5 /* XCRemoteSwiftPackageReference "RxSwift" */;
			productName = RxSwift;
		};
		C0A472E22D390698008882C5 /* Alamofire */ = {
			isa = XCSwiftPackageProductDependency;
			package = C0A472E12D390698008882C5 /* XCRemoteSwiftPackageReference "Alamofire" */;
			productName = Alamofire;
		};
		C0A472E72D3906A4008882C5 /* Kingfisher */ = {
			isa = XCSwiftPackageProductDependency;
			package = C0A472E62D3906A4008882C5 /* XCRemoteSwiftPackageReference "Kingfisher" */;
			productName = Kingfisher;
		};
/* End XCSwiftPackageProductDependency section */
	};
	rootObject = C0A4728C2D368218008882C5 /* Project object */;
}
